
Microsoft Visual Studio Solution File, Format Version 12.00
# Visual Studio Version 16
VisualStudioVersion = 16.0.32510.428
MinimumVisualStudioVersion = 10.0.40219.1
Project("{FAE04EC0-301F-11D3-BF4B-00C04F79EFBC}") = "pr2.1_Коршикова", "pr2.1_Коршикова.csproj", "{EB51FAC6-92C5-452E-803D-52A179797781}"
EndProject
Global
	GlobalSection(SolutionConfigurationPlatforms) = preSolution
		Debug|Any CPU = Debug|Any CPU
		Release|Any CPU = Release|Any CPU
	EndGlobalSection
	GlobalSection(ProjectConfigurationPlatforms) = postSolution
		{EB51FAC6-92C5-452E-803D-52A179797781}.Debug|Any CPU.ActiveCfg = Debug|Any CPU
		{EB51FAC6-92C5-452E-803D-52A179797781}.Debug|Any CPU.Build.0 = Debug|Any CPU
		{EB51FAC6-92C5-452E-803D-52A179797781}.Release|Any CPU.ActiveCfg = Release|Any CPU
		{EB51FAC6-92C5-452E-803D-52A179797781}.Release|Any CPU.Build.0 = Release|Any CPU
	EndGlobalSection
	GlobalSection(SolutionProperties) = preSolution
		HideSolutionNode = FALSE
	EndGlobalSection
	GlobalSection(ExtensibilityGlobals) = postSolution
		SolutionGuid = {4EF1894F-C46B-48BD-A066-082C056BD471}
	EndGlobalSection
EndGlobal
